// !$*UTF8*$!
{
	archiveVersion = 1;
	classes = {
	};
	objectVersion = 46;
	objects = {

/* Begin PBXBuildFile section */
		3F4C1FB6198806A700B4F994 /* Accounts.framework in Frameworks */ = {isa = PBXBuildFile; fileRef = 3F4C1FB5198806A700B4F994 /* Accounts.framework */; };
		3F4C1FB8198806B000B4F994 /* AudioToolbox.framework in Frameworks */ = {isa = PBXBuildFile; fileRef = 3F4C1FB7198806B000B4F994 /* AudioToolbox.framework */; };
		3F4C1FBA198806B700B4F994 /* CFNetwork.framework in Frameworks */ = {isa = PBXBuildFile; fileRef = 3F4C1FB9198806B700B4F994 /* CFNetwork.framework */; };
		3F4C1FBC198806C800B4F994 /* CoreLocation.framework in Frameworks */ = {isa = PBXBuildFile; fileRef = 3F4C1FBB198806C800B4F994 /* CoreLocation.framework */; };
		3F4C1FBE198806D200B4F994 /* libz.dylib in Frameworks */ = {isa = PBXBuildFile; fileRef = 3F4C1FBD198806D200B4F994 /* libz.dylib */; };
		3F4C1FC0198806DC00B4F994 /* MobileCoreServices.framework in Frameworks */ = {isa = PBXBuildFile; fileRef = 3F4C1FBF198806DC00B4F994 /* MobileCoreServices.framework */; };
		3F4C1FC2198806E400B4F994 /* QuartzCore.framework in Frameworks */ = {isa = PBXBuildFile; fileRef = 3F4C1FC1198806E400B4F994 /* QuartzCore.framework */; };
		3F4C1FC4198806EA00B4F994 /* Security.framework in Frameworks */ = {isa = PBXBuildFile; fileRef = 3F4C1FC3198806EA00B4F994 /* Security.framework */; };
		3F4C1FC6198806F200B4F994 /* Social.framework in Frameworks */ = {isa = PBXBuildFile; fileRef = 3F4C1FC5198806F200B4F994 /* Social.framework */; };
		3F4C1FC8198806F900B4F994 /* StoreKit.framework in Frameworks */ = {isa = PBXBuildFile; fileRef = 3F4C1FC7198806F900B4F994 /* StoreKit.framework */; };
		3F4C1FCA1988070200B4F994 /* SystemConfiguration.framework in Frameworks */ = {isa = PBXBuildFile; fileRef = 3F4C1FC91988070200B4F994 /* SystemConfiguration.framework */; };
		3F4C1FCC19880E4D00B4F994 /* Parse.framework in Frameworks */ = {isa = PBXBuildFile; fileRef = 3F4C1FCB19880E4D00B4F994 /* Parse.framework */; };
		3F4C1FD01988137900B4F994 /* JTConstants.m in Sources */ = {isa = PBXBuildFile; fileRef = 3F4C1FCF1988137900B4F994 /* JTConstants.m */; };
		3F4C1FD41988168500B4F994 /* JTInitialContainerViewController.m in Sources */ = {isa = PBXBuildFile; fileRef = 3F4C1FD31988168500B4F994 /* JTInitialContainerViewController.m */; };
		3F4C1FD71988197B00B4F994 /* JTLoginViewController.m in Sources */ = {isa = PBXBuildFile; fileRef = 3F4C1FD61988197B00B4F994 /* JTLoginViewController.m */; };
		3F4C1FDA19881A0F00B4F994 /* JTHomeViewController.m in Sources */ = {isa = PBXBuildFile; fileRef = 3F4C1FD919881A0F00B4F994 /* JTHomeViewController.m */; };
		3F4C1FDE19881B0A00B4F994 /* StoryboardUtil.m in Sources */ = {isa = PBXBuildFile; fileRef = 3F4C1FDD19881B0A00B4F994 /* StoryboardUtil.m */; };
		3FD10F7119868CC0001B61D9 /* Foundation.framework in Frameworks */ = {isa = PBXBuildFile; fileRef = 3FD10F7019868CC0001B61D9 /* Foundation.framework */; };
		3FD10F7319868CC0001B61D9 /* CoreGraphics.framework in Frameworks */ = {isa = PBXBuildFile; fileRef = 3FD10F7219868CC0001B61D9 /* CoreGraphics.framework */; };
		3FD10F7519868CC0001B61D9 /* UIKit.framework in Frameworks */ = {isa = PBXBuildFile; fileRef = 3FD10F7419868CC0001B61D9 /* UIKit.framework */; };
		3FD10F7B19868CC0001B61D9 /* InfoPlist.strings in Resources */ = {isa = PBXBuildFile; fileRef = 3FD10F7919868CC0001B61D9 /* InfoPlist.strings */; };
		3FD10F7D19868CC0001B61D9 /* main.m in Sources */ = {isa = PBXBuildFile; fileRef = 3FD10F7C19868CC0001B61D9 /* main.m */; };
		3FD10F8119868CC0001B61D9 /* JTAppDelegate.m in Sources */ = {isa = PBXBuildFile; fileRef = 3FD10F8019868CC0001B61D9 /* JTAppDelegate.m */; };
		3FD10F8419868CC0001B61D9 /* Main_iPhone.storyboard in Resources */ = {isa = PBXBuildFile; fileRef = 3FD10F8219868CC0001B61D9 /* Main_iPhone.storyboard */; };
		3FD10F8719868CC0001B61D9 /* Main_iPad.storyboard in Resources */ = {isa = PBXBuildFile; fileRef = 3FD10F8519868CC0001B61D9 /* Main_iPad.storyboard */; };
		3FD10F8F19868CC0001B61D9 /* Images.xcassets in Resources */ = {isa = PBXBuildFile; fileRef = 3FD10F8E19868CC0001B61D9 /* Images.xcassets */; };
		3FD10F9619868CC0001B61D9 /* XCTest.framework in Frameworks */ = {isa = PBXBuildFile; fileRef = 3FD10F9519868CC0001B61D9 /* XCTest.framework */; };
		3FD10F9719868CC0001B61D9 /* Foundation.framework in Frameworks */ = {isa = PBXBuildFile; fileRef = 3FD10F7019868CC0001B61D9 /* Foundation.framework */; };
		3FD10F9819868CC0001B61D9 /* UIKit.framework in Frameworks */ = {isa = PBXBuildFile; fileRef = 3FD10F7419868CC0001B61D9 /* UIKit.framework */; };
		3FD10FA019868CC0001B61D9 /* InfoPlist.strings in Resources */ = {isa = PBXBuildFile; fileRef = 3FD10F9E19868CC0001B61D9 /* InfoPlist.strings */; };
		3FD10FA219868CC0001B61D9 /* MySoccerChampTests.m in Sources */ = {isa = PBXBuildFile; fileRef = 3FD10FA119868CC0001B61D9 /* MySoccerChampTests.m */; };
/* End PBXBuildFile section */

/* Begin PBXContainerItemProxy section */
		3FD10F9919868CC0001B61D9 /* PBXContainerItemProxy */ = {
			isa = PBXContainerItemProxy;
			containerPortal = 3FD10F6519868CC0001B61D9 /* Project object */;
			proxyType = 1;
			remoteGlobalIDString = 3FD10F6C19868CC0001B61D9;
			remoteInfo = MySoccerChamp;
		};
/* End PBXContainerItemProxy section */

/* Begin PBXFileReference section */
		0B267B32841D4D6CACA14ADC /* Pods-MySoccerChamp.xcconfig */ = {isa = PBXFileReference; includeInIndex = 1; lastKnownFileType = text.xcconfig; name = "Pods-MySoccerChamp.xcconfig"; path = "Pods/Pods-MySoccerChamp.xcconfig"; sourceTree = "<group>"; };
		3CC796D7923943AD9C1B09F7 /* Pods-MySoccerChampTests.xcconfig */ = {isa = PBXFileReference; includeInIndex = 1; lastKnownFileType = text.xcconfig; name = "Pods-MySoccerChampTests.xcconfig"; path = "Pods/Pods-MySoccerChampTests.xcconfig"; sourceTree = "<group>"; };
		3F4C1FB5198806A700B4F994 /* Accounts.framework */ = {isa = PBXFileReference; lastKnownFileType = wrapper.framework; name = Accounts.framework; path = System/Library/Frameworks/Accounts.framework; sourceTree = SDKROOT; };
		3F4C1FB7198806B000B4F994 /* AudioToolbox.framework */ = {isa = PBXFileReference; lastKnownFileType = wrapper.framework; name = AudioToolbox.framework; path = System/Library/Frameworks/AudioToolbox.framework; sourceTree = SDKROOT; };
		3F4C1FB9198806B700B4F994 /* CFNetwork.framework */ = {isa = PBXFileReference; lastKnownFileType = wrapper.framework; name = CFNetwork.framework; path = System/Library/Frameworks/CFNetwork.framework; sourceTree = SDKROOT; };
		3F4C1FBB198806C800B4F994 /* CoreLocation.framework */ = {isa = PBXFileReference; lastKnownFileType = wrapper.framework; name = CoreLocation.framework; path = System/Library/Frameworks/CoreLocation.framework; sourceTree = SDKROOT; };
		3F4C1FBD198806D200B4F994 /* libz.dylib */ = {isa = PBXFileReference; lastKnownFileType = "compiled.mach-o.dylib"; name = libz.dylib; path = usr/lib/libz.dylib; sourceTree = SDKROOT; };
		3F4C1FBF198806DC00B4F994 /* MobileCoreServices.framework */ = {isa = PBXFileReference; lastKnownFileType = wrapper.framework; name = MobileCoreServices.framework; path = System/Library/Frameworks/MobileCoreServices.framework; sourceTree = SDKROOT; };
		3F4C1FC1198806E400B4F994 /* QuartzCore.framework */ = {isa = PBXFileReference; lastKnownFileType = wrapper.framework; name = QuartzCore.framework; path = System/Library/Frameworks/QuartzCore.framework; sourceTree = SDKROOT; };
		3F4C1FC3198806EA00B4F994 /* Security.framework */ = {isa = PBXFileReference; lastKnownFileType = wrapper.framework; name = Security.framework; path = System/Library/Frameworks/Security.framework; sourceTree = SDKROOT; };
		3F4C1FC5198806F200B4F994 /* Social.framework */ = {isa = PBXFileReference; lastKnownFileType = wrapper.framework; name = Social.framework; path = System/Library/Frameworks/Social.framework; sourceTree = SDKROOT; };
		3F4C1FC7198806F900B4F994 /* StoreKit.framework */ = {isa = PBXFileReference; lastKnownFileType = wrapper.framework; name = StoreKit.framework; path = System/Library/Frameworks/StoreKit.framework; sourceTree = SDKROOT; };
		3F4C1FC91988070200B4F994 /* SystemConfiguration.framework */ = {isa = PBXFileReference; lastKnownFileType = wrapper.framework; name = SystemConfiguration.framework; path = System/Library/Frameworks/SystemConfiguration.framework; sourceTree = SDKROOT; };
		3F4C1FCB19880E4D00B4F994 /* Parse.framework */ = {isa = PBXFileReference; lastKnownFileType = wrapper.framework; path = Parse.framework; sourceTree = "<group>"; };
		3F4C1FCE1988137900B4F994 /* JTConstants.h */ = {isa = PBXFileReference; fileEncoding = 4; lastKnownFileType = sourcecode.c.h; path = JTConstants.h; sourceTree = "<group>"; };
		3F4C1FCF1988137900B4F994 /* JTConstants.m */ = {isa = PBXFileReference; fileEncoding = 4; lastKnownFileType = sourcecode.c.objc; path = JTConstants.m; sourceTree = "<group>"; };
		3F4C1FD21988168500B4F994 /* JTInitialContainerViewController.h */ = {isa = PBXFileReference; fileEncoding = 4; lastKnownFileType = sourcecode.c.h; path = JTInitialContainerViewController.h; sourceTree = "<group>"; };
		3F4C1FD31988168500B4F994 /* JTInitialContainerViewController.m */ = {isa = PBXFileReference; fileEncoding = 4; lastKnownFileType = sourcecode.c.objc; path = JTInitialContainerViewController.m; sourceTree = "<group>"; };
		3F4C1FD51988197B00B4F994 /* JTLoginViewController.h */ = {isa = PBXFileReference; fileEncoding = 4; lastKnownFileType = sourcecode.c.h; path = JTLoginViewController.h; sourceTree = "<group>"; };
		3F4C1FD61988197B00B4F994 /* JTLoginViewController.m */ = {isa = PBXFileReference; fileEncoding = 4; lastKnownFileType = sourcecode.c.objc; path = JTLoginViewController.m; sourceTree = "<group>"; };
		3F4C1FD819881A0F00B4F994 /* JTHomeViewController.h */ = {isa = PBXFileReference; fileEncoding = 4; lastKnownFileType = sourcecode.c.h; path = JTHomeViewController.h; sourceTree = "<group>"; };
		3F4C1FD919881A0F00B4F994 /* JTHomeViewController.m */ = {isa = PBXFileReference; fileEncoding = 4; lastKnownFileType = sourcecode.c.objc; path = JTHomeViewController.m; sourceTree = "<group>"; };
		3F4C1FDC19881B0A00B4F994 /* StoryboardUtil.h */ = {isa = PBXFileReference; fileEncoding = 4; lastKnownFileType = sourcecode.c.h; path = StoryboardUtil.h; sourceTree = "<group>"; };
		3F4C1FDD19881B0A00B4F994 /* StoryboardUtil.m */ = {isa = PBXFileReference; fileEncoding = 4; lastKnownFileType = sourcecode.c.objc; path = StoryboardUtil.m; sourceTree = "<group>"; };
		3FD10F6D19868CC0001B61D9 /* MySoccerChamp.app */ = {isa = PBXFileReference; explicitFileType = wrapper.application; includeInIndex = 0; path = MySoccerChamp.app; sourceTree = BUILT_PRODUCTS_DIR; };
		3FD10F7019868CC0001B61D9 /* Foundation.framework */ = {isa = PBXFileReference; lastKnownFileType = wrapper.framework; name = Foundation.framework; path = System/Library/Frameworks/Foundation.framework; sourceTree = SDKROOT; };
		3FD10F7219868CC0001B61D9 /* CoreGraphics.framework */ = {isa = PBXFileReference; lastKnownFileType = wrapper.framework; name = CoreGraphics.framework; path = System/Library/Frameworks/CoreGraphics.framework; sourceTree = SDKROOT; };
		3FD10F7419868CC0001B61D9 /* UIKit.framework */ = {isa = PBXFileReference; lastKnownFileType = wrapper.framework; name = UIKit.framework; path = System/Library/Frameworks/UIKit.framework; sourceTree = SDKROOT; };
		3FD10F7819868CC0001B61D9 /* MySoccerChamp-Info.plist */ = {isa = PBXFileReference; lastKnownFileType = text.plist.xml; path = "MySoccerChamp-Info.plist"; sourceTree = "<group>"; };
		3FD10F7A19868CC0001B61D9 /* en */ = {isa = PBXFileReference; lastKnownFileType = text.plist.strings; name = en; path = en.lproj/InfoPlist.strings; sourceTree = "<group>"; };
		3FD10F7C19868CC0001B61D9 /* main.m */ = {isa = PBXFileReference; lastKnownFileType = sourcecode.c.objc; path = main.m; sourceTree = "<group>"; };
		3FD10F7E19868CC0001B61D9 /* MySoccerChamp-Prefix.pch */ = {isa = PBXFileReference; lastKnownFileType = sourcecode.c.h; path = "MySoccerChamp-Prefix.pch"; sourceTree = "<group>"; };
		3FD10F7F19868CC0001B61D9 /* JTAppDelegate.h */ = {isa = PBXFileReference; lastKnownFileType = sourcecode.c.h; path = JTAppDelegate.h; sourceTree = "<group>"; };
		3FD10F8019868CC0001B61D9 /* JTAppDelegate.m */ = {isa = PBXFileReference; lastKnownFileType = sourcecode.c.objc; path = JTAppDelegate.m; sourceTree = "<group>"; };
		3FD10F8319868CC0001B61D9 /* Base */ = {isa = PBXFileReference; lastKnownFileType = file.storyboard; name = Base; path = Base.lproj/Main_iPhone.storyboard; sourceTree = "<group>"; };
		3FD10F8619868CC0001B61D9 /* Base */ = {isa = PBXFileReference; lastKnownFileType = file.storyboard; name = Base; path = Base.lproj/Main_iPad.storyboard; sourceTree = "<group>"; };
		3FD10F8E19868CC0001B61D9 /* Images.xcassets */ = {isa = PBXFileReference; lastKnownFileType = folder.assetcatalog; path = Images.xcassets; sourceTree = "<group>"; };
		3FD10F9419868CC0001B61D9 /* MySoccerChampTests.xctest */ = {isa = PBXFileReference; explicitFileType = wrapper.cfbundle; includeInIndex = 0; path = MySoccerChampTests.xctest; sourceTree = BUILT_PRODUCTS_DIR; };
		3FD10F9519868CC0001B61D9 /* XCTest.framework */ = {isa = PBXFileReference; lastKnownFileType = wrapper.framework; name = XCTest.framework; path = Library/Frameworks/XCTest.framework; sourceTree = DEVELOPER_DIR; };
		3FD10F9D19868CC0001B61D9 /* MySoccerChampTests-Info.plist */ = {isa = PBXFileReference; lastKnownFileType = text.plist.xml; path = "MySoccerChampTests-Info.plist"; sourceTree = "<group>"; };
		3FD10F9F19868CC0001B61D9 /* en */ = {isa = PBXFileReference; lastKnownFileType = text.plist.strings; name = en; path = en.lproj/InfoPlist.strings; sourceTree = "<group>"; };
		3FD10FA119868CC0001B61D9 /* MySoccerChampTests.m */ = {isa = PBXFileReference; lastKnownFileType = sourcecode.c.objc; path = MySoccerChampTests.m; sourceTree = "<group>"; };
/* End PBXFileReference section */

/* Begin PBXFrameworksBuildPhase section */
		3FD10F6A19868CC0001B61D9 /* Frameworks */ = {
			isa = PBXFrameworksBuildPhase;
			buildActionMask = 2147483647;
			files = (
				3F4C1FCA1988070200B4F994 /* SystemConfiguration.framework in Frameworks */,
				3F4C1FC8198806F900B4F994 /* StoreKit.framework in Frameworks */,
				3F4C1FC6198806F200B4F994 /* Social.framework in Frameworks */,
				3F4C1FC4198806EA00B4F994 /* Security.framework in Frameworks */,
				3F4C1FCC19880E4D00B4F994 /* Parse.framework in Frameworks */,
				3F4C1FC2198806E400B4F994 /* QuartzCore.framework in Frameworks */,
				3F4C1FC0198806DC00B4F994 /* MobileCoreServices.framework in Frameworks */,
				3F4C1FBE198806D200B4F994 /* libz.dylib in Frameworks */,
				3F4C1FBC198806C800B4F994 /* CoreLocation.framework in Frameworks */,
				3FD10F7319868CC0001B61D9 /* CoreGraphics.framework in Frameworks */,
				3F4C1FBA198806B700B4F994 /* CFNetwork.framework in Frameworks */,
				3F4C1FB8198806B000B4F994 /* AudioToolbox.framework in Frameworks */,
				3F4C1FB6198806A700B4F994 /* Accounts.framework in Frameworks */,
				3FD10F7519868CC0001B61D9 /* UIKit.framework in Frameworks */,
				3FD10F7119868CC0001B61D9 /* Foundation.framework in Frameworks */,
			);
			runOnlyForDeploymentPostprocessing = 0;
		};
		3FD10F9119868CC0001B61D9 /* Frameworks */ = {
			isa = PBXFrameworksBuildPhase;
			buildActionMask = 2147483647;
			files = (
				3FD10F9619868CC0001B61D9 /* XCTest.framework in Frameworks */,
				3FD10F9819868CC0001B61D9 /* UIKit.framework in Frameworks */,
				3FD10F9719868CC0001B61D9 /* Foundation.framework in Frameworks */,
			);
			runOnlyForDeploymentPostprocessing = 0;
		};
/* End PBXFrameworksBuildPhase section */

/* Begin PBXGroup section */
		3F4C1FCD1988132E00B4F994 /* Constants */ = {
			isa = PBXGroup;
			children = (
				3F4C1FCE1988137900B4F994 /* JTConstants.h */,
				3F4C1FCF1988137900B4F994 /* JTConstants.m */,
			);
			name = Constants;
			path = Constans;
			sourceTree = "<group>";
		};
		3F4C1FD11988162300B4F994 /* Controllers */ = {
			isa = PBXGroup;
			children = (
				3F4C1FD21988168500B4F994 /* JTInitialContainerViewController.h */,
				3F4C1FD31988168500B4F994 /* JTInitialContainerViewController.m */,
				3F4C1FD51988197B00B4F994 /* JTLoginViewController.h */,
				3F4C1FD61988197B00B4F994 /* JTLoginViewController.m */,
				3F4C1FD819881A0F00B4F994 /* JTHomeViewController.h */,
				3F4C1FD919881A0F00B4F994 /* JTHomeViewController.m */,
			);
			path = Controllers;
			sourceTree = "<group>";
		};
		3F4C1FDB19881AD400B4F994 /* Helpers */ = {
			isa = PBXGroup;
			children = (
				3F4C1FDC19881B0A00B4F994 /* StoryboardUtil.h */,
				3F4C1FDD19881B0A00B4F994 /* StoryboardUtil.m */,
			);
			path = Helpers;
			sourceTree = "<group>";
		};
		3FD10F6419868CC0001B61D9 = {
			isa = PBXGroup;
			children = (
				3FD10F7619868CC0001B61D9 /* MySoccerChamp */,
				3FD10F9B19868CC0001B61D9 /* MySoccerChampTests */,
				3FD10F6F19868CC0001B61D9 /* Frameworks */,
				3FD10F6E19868CC0001B61D9 /* Products */,
				0B267B32841D4D6CACA14ADC /* Pods-MySoccerChamp.xcconfig */,
				3CC796D7923943AD9C1B09F7 /* Pods-MySoccerChampTests.xcconfig */,
			);
			sourceTree = "<group>";
		};
		3FD10F6E19868CC0001B61D9 /* Products */ = {
			isa = PBXGroup;
			children = (
				3FD10F6D19868CC0001B61D9 /* MySoccerChamp.app */,
				3FD10F9419868CC0001B61D9 /* MySoccerChampTests.xctest */,
			);
			name = Products;
			sourceTree = "<group>";
		};
		3FD10F6F19868CC0001B61D9 /* Frameworks */ = {
			isa = PBXGroup;
			children = (
				3F4C1FCB19880E4D00B4F994 /* Parse.framework */,
				3F4C1FC91988070200B4F994 /* SystemConfiguration.framework */,
				3F4C1FC7198806F900B4F994 /* StoreKit.framework */,
				3F4C1FC5198806F200B4F994 /* Social.framework */,
				3F4C1FC3198806EA00B4F994 /* Security.framework */,
				3F4C1FC1198806E400B4F994 /* QuartzCore.framework */,
				3F4C1FBF198806DC00B4F994 /* MobileCoreServices.framework */,
				3F4C1FBD198806D200B4F994 /* libz.dylib */,
				3F4C1FBB198806C800B4F994 /* CoreLocation.framework */,
				3F4C1FB9198806B700B4F994 /* CFNetwork.framework */,
				3F4C1FB7198806B000B4F994 /* AudioToolbox.framework */,
				3F4C1FB5198806A700B4F994 /* Accounts.framework */,
				3FD10F7019868CC0001B61D9 /* Foundation.framework */,
				3FD10F7219868CC0001B61D9 /* CoreGraphics.framework */,
				3FD10F7419868CC0001B61D9 /* UIKit.framework */,
				3FD10F9519868CC0001B61D9 /* XCTest.framework */,
			);
			name = Frameworks;
			sourceTree = "<group>";
		};
		3FD10F7619868CC0001B61D9 /* MySoccerChamp */ = {
			isa = PBXGroup;
			children = (
				3F4C1FDB19881AD400B4F994 /* Helpers */,
				3F4C1FD11988162300B4F994 /* Controllers */,
				3F4C1FCD1988132E00B4F994 /* Constants */,
				3FD10F7F19868CC0001B61D9 /* JTAppDelegate.h */,
				3FD10F8019868CC0001B61D9 /* JTAppDelegate.m */,
				3FD10F8219868CC0001B61D9 /* Main_iPhone.storyboard */,
				3FD10F8519868CC0001B61D9 /* Main_iPad.storyboard */,
				3FD10F8E19868CC0001B61D9 /* Images.xcassets */,
				3FD10F7719868CC0001B61D9 /* Supporting Files */,
			);
			path = MySoccerChamp;
			sourceTree = "<group>";
		};
		3FD10F7719868CC0001B61D9 /* Supporting Files */ = {
			isa = PBXGroup;
			children = (
				3FD10F7819868CC0001B61D9 /* MySoccerChamp-Info.plist */,
				3FD10F7919868CC0001B61D9 /* InfoPlist.strings */,
				3FD10F7C19868CC0001B61D9 /* main.m */,
				3FD10F7E19868CC0001B61D9 /* MySoccerChamp-Prefix.pch */,
			);
			name = "Supporting Files";
			sourceTree = "<group>";
		};
		3FD10F9B19868CC0001B61D9 /* MySoccerChampTests */ = {
			isa = PBXGroup;
			children = (
				3FD10FA119868CC0001B61D9 /* MySoccerChampTests.m */,
				3FD10F9C19868CC0001B61D9 /* Supporting Files */,
			);
			path = MySoccerChampTests;
			sourceTree = "<group>";
		};
		3FD10F9C19868CC0001B61D9 /* Supporting Files */ = {
			isa = PBXGroup;
			children = (
				3FD10F9D19868CC0001B61D9 /* MySoccerChampTests-Info.plist */,
				3FD10F9E19868CC0001B61D9 /* InfoPlist.strings */,
			);
			name = "Supporting Files";
			sourceTree = "<group>";
		};
/* End PBXGroup section */

/* Begin PBXNativeTarget section */
		3FD10F6C19868CC0001B61D9 /* MySoccerChamp */ = {
			isa = PBXNativeTarget;
			buildConfigurationList = 3FD10FA519868CC0001B61D9 /* Build configuration list for PBXNativeTarget "MySoccerChamp" */;
			buildPhases = (
				2E5597410E0F45D7AD8446D9 /* Check Pods Manifest.lock */,
				3FD10F6919868CC0001B61D9 /* Sources */,
				3FD10F6A19868CC0001B61D9 /* Frameworks */,
				3FD10F6B19868CC0001B61D9 /* Resources */,
				6E3607A353B349BAA2989726 /* Copy Pods Resources */,
			);
			buildRules = (
			);
			dependencies = (
			);
			name = MySoccerChamp;
			productName = MySoccerChamp;
			productReference = 3FD10F6D19868CC0001B61D9 /* MySoccerChamp.app */;
			productType = "com.apple.product-type.application";
		};
		3FD10F9319868CC0001B61D9 /* MySoccerChampTests */ = {
			isa = PBXNativeTarget;
			buildConfigurationList = 3FD10FA819868CC0001B61D9 /* Build configuration list for PBXNativeTarget "MySoccerChampTests" */;
			buildPhases = (
				9CDF69E506DF4E1CB5E879C0 /* Check Pods Manifest.lock */,
				3FD10F9019868CC0001B61D9 /* Sources */,
				3FD10F9119868CC0001B61D9 /* Frameworks */,
				3FD10F9219868CC0001B61D9 /* Resources */,
				8FEDC786BA8B4B289436A729 /* Copy Pods Resources */,
			);
			buildRules = (
			);
			dependencies = (
				3FD10F9A19868CC0001B61D9 /* PBXTargetDependency */,
			);
			name = MySoccerChampTests;
			productName = MySoccerChampTests;
			productReference = 3FD10F9419868CC0001B61D9 /* MySoccerChampTests.xctest */;
			productType = "com.apple.product-type.bundle.unit-test";
		};
/* End PBXNativeTarget section */

/* Begin PBXProject section */
		3FD10F6519868CC0001B61D9 /* Project object */ = {
			isa = PBXProject;
			attributes = {
				CLASSPREFIX = JT;
				LastUpgradeCheck = 0510;
				ORGANIZATIONNAME = "Jonas Tomaz";
				TargetAttributes = {
					3FD10F9319868CC0001B61D9 = {
						TestTargetID = 3FD10F6C19868CC0001B61D9;
					};
				};
			};
			buildConfigurationList = 3FD10F6819868CC0001B61D9 /* Build configuration list for PBXProject "MySoccerChamp" */;
			compatibilityVersion = "Xcode 3.2";
			developmentRegion = English;
			hasScannedForEncodings = 0;
			knownRegions = (
				en,
				Base,
			);
			mainGroup = 3FD10F6419868CC0001B61D9;
			productRefGroup = 3FD10F6E19868CC0001B61D9 /* Products */;
			projectDirPath = "";
			projectRoot = "";
			targets = (
				3FD10F6C19868CC0001B61D9 /* MySoccerChamp */,
				3FD10F9319868CC0001B61D9 /* MySoccerChampTests */,
			);
		};
/* End PBXProject section */

/* Begin PBXResourcesBuildPhase section */
		3FD10F6B19868CC0001B61D9 /* Resources */ = {
			isa = PBXResourcesBuildPhase;
			buildActionMask = 2147483647;
			files = (
				3FD10F8719868CC0001B61D9 /* Main_iPad.storyboard in Resources */,
				3FD10F8F19868CC0001B61D9 /* Images.xcassets in Resources */,
				3FD10F8419868CC0001B61D9 /* Main_iPhone.storyboard in Resources */,
				3FD10F7B19868CC0001B61D9 /* InfoPlist.strings in Resources */,
			);
			runOnlyForDeploymentPostprocessing = 0;
		};
		3FD10F9219868CC0001B61D9 /* Resources */ = {
			isa = PBXResourcesBuildPhase;
			buildActionMask = 2147483647;
			files = (
				3FD10FA019868CC0001B61D9 /* InfoPlist.strings in Resources */,
			);
			runOnlyForDeploymentPostprocessing = 0;
		};
/* End PBXResourcesBuildPhase section */

/* Begin PBXShellScriptBuildPhase section */
		2E5597410E0F45D7AD8446D9 /* Check Pods Manifest.lock */ = {
			isa = PBXShellScriptBuildPhase;
			buildActionMask = 2147483647;
			files = (
			);
			inputPaths = (
			);
			name = "Check Pods Manifest.lock";
			outputPaths = (
			);
			runOnlyForDeploymentPostprocessing = 0;
			shellPath = /bin/sh;
			shellScript = "diff \"${PODS_ROOT}/../Podfile.lock\" \"${PODS_ROOT}/Manifest.lock\" > /dev/null\nif [[ $? != 0 ]] ; then\n    cat << EOM\nerror: The sandbox is not in sync with the Podfile.lock. Run 'pod install' or update your CocoaPods installation.\nEOM\n    exit 1\nfi\n";
			showEnvVarsInLog = 0;
		};
		6E3607A353B349BAA2989726 /* Copy Pods Resources */ = {
			isa = PBXShellScriptBuildPhase;
			buildActionMask = 2147483647;
			files = (
			);
			inputPaths = (
			);
			name = "Copy Pods Resources";
			outputPaths = (
			);
			runOnlyForDeploymentPostprocessing = 0;
			shellPath = /bin/sh;
			shellScript = "\"${SRCROOT}/Pods/Pods-MySoccerChamp-resources.sh\"\n";
			showEnvVarsInLog = 0;
		};
		8FEDC786BA8B4B289436A729 /* Copy Pods Resources */ = {
			isa = PBXShellScriptBuildPhase;
			buildActionMask = 2147483647;
			files = (
			);
			inputPaths = (
			);
			name = "Copy Pods Resources";
			outputPaths = (
			);
			runOnlyForDeploymentPostprocessing = 0;
			shellPath = /bin/sh;
			shellScript = "\"${SRCROOT}/Pods/Pods-MySoccerChampTests-resources.sh\"\n";
			showEnvVarsInLog = 0;
		};
		9CDF69E506DF4E1CB5E879C0 /* Check Pods Manifest.lock */ = {
			isa = PBXShellScriptBuildPhase;
			buildActionMask = 2147483647;
			files = (
			);
			inputPaths = (
			);
			name = "Check Pods Manifest.lock";
			outputPaths = (
			);
			runOnlyForDeploymentPostprocessing = 0;
			shellPath = /bin/sh;
			shellScript = "diff \"${PODS_ROOT}/../Podfile.lock\" \"${PODS_ROOT}/Manifest.lock\" > /dev/null\nif [[ $? != 0 ]] ; then\n    cat << EOM\nerror: The sandbox is not in sync with the Podfile.lock. Run 'pod install' or update your CocoaPods installation.\nEOM\n    exit 1\nfi\n";
			showEnvVarsInLog = 0;
		};
/* End PBXShellScriptBuildPhase section */

/* Begin PBXSourcesBuildPhase section */
		3FD10F6919868CC0001B61D9 /* Sources */ = {
			isa = PBXSourcesBuildPhase;
			buildActionMask = 2147483647;
			files = (
				3F4C1FD71988197B00B4F994 /* JTLoginViewController.m in Sources */,
				3F4C1FD01988137900B4F994 /* JTConstants.m in Sources */,
				3FD10F8119868CC0001B61D9 /* JTAppDelegate.m in Sources */,
				3FD10F7D19868CC0001B61D9 /* main.m in Sources */,
				3F4C1FDE19881B0A00B4F994 /* StoryboardUtil.m in Sources */,
				3F4C1FD41988168500B4F994 /* JTInitialContainerViewController.m in Sources */,
				3F4C1FDA19881A0F00B4F994 /* JTHomeViewController.m in Sources */,
			);
			runOnlyForDeploymentPostprocessing = 0;
		};
		3FD10F9019868CC0001B61D9 /* Sources */ = {
			isa = PBXSourcesBuildPhase;
			buildActionMask = 2147483647;
			files = (
				3FD10FA219868CC0001B61D9 /* MySoccerChampTests.m in Sources */,
			);
			runOnlyForDeploymentPostprocessing = 0;
		};
/* End PBXSourcesBuildPhase section */

/* Begin PBXTargetDependency section */
		3FD10F9A19868CC0001B61D9 /* PBXTargetDependency */ = {
			isa = PBXTargetDependency;
			target = 3FD10F6C19868CC0001B61D9 /* MySoccerChamp */;
			targetProxy = 3FD10F9919868CC0001B61D9 /* PBXContainerItemProxy */;
		};
/* End PBXTargetDependency section */

/* Begin PBXVariantGroup section */
		3FD10F7919868CC0001B61D9 /* InfoPlist.strings */ = {
			isa = PBXVariantGroup;
			children = (
				3FD10F7A19868CC0001B61D9 /* en */,
			);
			name = InfoPlist.strings;
			sourceTree = "<group>";
		};
		3FD10F8219868CC0001B61D9 /* Main_iPhone.storyboard */ = {
			isa = PBXVariantGroup;
			children = (
				3FD10F8319868CC0001B61D9 /* Base */,
			);
			name = Main_iPhone.storyboard;
			sourceTree = "<group>";
		};
		3FD10F8519868CC0001B61D9 /* Main_iPad.storyboard */ = {
			isa = PBXVariantGroup;
			children = (
				3FD10F8619868CC0001B61D9 /* Base */,
			);
			name = Main_iPad.storyboard;
			sourceTree = "<group>";
		};
		3FD10F9E19868CC0001B61D9 /* InfoPlist.strings */ = {
			isa = PBXVariantGroup;
			children = (
				3FD10F9F19868CC0001B61D9 /* en */,
			);
			name = InfoPlist.strings;
			sourceTree = "<group>";
		};
/* End PBXVariantGroup section */

/* Begin XCBuildConfiguration section */
		3FD10FA319868CC0001B61D9 /* Debug */ = {
			isa = XCBuildConfiguration;
			buildSettings = {
				ALWAYS_SEARCH_USER_PATHS = NO;
				CLANG_CXX_LANGUAGE_STANDARD = "gnu++0x";
				CLANG_CXX_LIBRARY = "libc++";
				CLANG_ENABLE_MODULES = YES;
				CLANG_ENABLE_OBJC_ARC = YES;
				CLANG_WARN_BOOL_CONVERSION = YES;
				CLANG_WARN_CONSTANT_CONVERSION = YES;
				CLANG_WARN_DIRECT_OBJC_ISA_USAGE = YES_ERROR;
				CLANG_WARN_EMPTY_BODY = YES;
				CLANG_WARN_ENUM_CONVERSION = YES;
				CLANG_WARN_INT_CONVERSION = YES;
				CLANG_WARN_OBJC_ROOT_CLASS = YES_ERROR;
				CLANG_WARN__DUPLICATE_METHOD_MATCH = YES;
				"CODE_SIGN_IDENTITY[sdk=iphoneos*]" = "iPhone Developer";
				COPY_PHASE_STRIP = NO;
				GCC_C_LANGUAGE_STANDARD = gnu99;
				GCC_DYNAMIC_NO_PIC = NO;
				GCC_OPTIMIZATION_LEVEL = 0;
				GCC_PREPROCESSOR_DEFINITIONS = (
					"DEBUG=1",
					"$(inherited)",
				);
				GCC_SYMBOLS_PRIVATE_EXTERN = NO;
				GCC_WARN_64_TO_32_BIT_CONVERSION = YES;
				GCC_WARN_ABOUT_RETURN_TYPE = YES_ERROR;
				GCC_WARN_UNDECLARED_SELECTOR = YES;
				GCC_WARN_UNINITIALIZED_AUTOS = YES_AGGRESSIVE;
				GCC_WARN_UNUSED_FUNCTION = YES;
				GCC_WARN_UNUSED_VARIABLE = YES;
				IPHONEOS_DEPLOYMENT_TARGET = 7.1;
				ONLY_ACTIVE_ARCH = YES;
				SDKROOT = iphoneos;
				TARGETED_DEVICE_FAMILY = "1,2";
			};
			name = Debug;
		};
		3FD10FA419868CC0001B61D9 /* Release */ = {
			isa = XCBuildConfiguration;
			buildSettings = {
				ALWAYS_SEARCH_USER_PATHS = NO;
				CLANG_CXX_LANGUAGE_STANDARD = "gnu++0x";
				CLANG_CXX_LIBRARY = "libc++";
				CLANG_ENABLE_MODULES = YES;
				CLANG_ENABLE_OBJC_ARC = YES;
				CLANG_WARN_BOOL_CONVERSION = YES;
				CLANG_WARN_CONSTANT_CONVERSION = YES;
				CLANG_WARN_DIRECT_OBJC_ISA_USAGE = YES_ERROR;
				CLANG_WARN_EMPTY_BODY = YES;
				CLANG_WARN_ENUM_CONVERSION = YES;
				CLANG_WARN_INT_CONVERSION = YES;
				CLANG_WARN_OBJC_ROOT_CLASS = YES_ERROR;
				CLANG_WARN__DUPLICATE_METHOD_MATCH = YES;
				"CODE_SIGN_IDENTITY[sdk=iphoneos*]" = "iPhone Developer";
				COPY_PHASE_STRIP = YES;
				ENABLE_NS_ASSERTIONS = NO;
				GCC_C_LANGUAGE_STANDARD = gnu99;
				GCC_WARN_64_TO_32_BIT_CONVERSION = YES;
				GCC_WARN_ABOUT_RETURN_TYPE = YES_ERROR;
				GCC_WARN_UNDECLARED_SELECTOR = YES;
				GCC_WARN_UNINITIALIZED_AUTOS = YES_AGGRESSIVE;
				GCC_WARN_UNUSED_FUNCTION = YES;
				GCC_WARN_UNUSED_VARIABLE = YES;
				IPHONEOS_DEPLOYMENT_TARGET = 7.1;
				SDKROOT = iphoneos;
				TARGETED_DEVICE_FAMILY = "1,2";
				VALIDATE_PRODUCT = YES;
			};
			name = Release;
		};
		3FD10FA619868CC0001B61D9 /* Debug */ = {
			isa = XCBuildConfiguration;
			baseConfigurationReference = 0B267B32841D4D6CACA14ADC /* Pods-MySoccerChamp.xcconfig */;
			buildSettings = {
				ASSETCATALOG_COMPILER_APPICON_NAME = AppIcon;
				ASSETCATALOG_COMPILER_LAUNCHIMAGE_NAME = LaunchImage;
				FRAMEWORK_SEARCH_PATHS = (
					"$(inherited)",
					"$(PROJECT_DIR)",
				);
				GCC_PRECOMPILE_PREFIX_HEADER = YES;
				GCC_PREFIX_HEADER = "MySoccerChamp/MySoccerChamp-Prefix.pch";
				INFOPLIST_FILE = "MySoccerChamp/MySoccerChamp-Info.plist";
				OTHER_LDFLAGS = (
					"-framework",
					CoreGraphics,
					"-framework",
					Foundation,
					"-framework",
					MobileCoreServices,
					"-framework",
					Security,
					"-framework",
					SystemConfiguration,
				);
				PRODUCT_NAME = "$(TARGET_NAME)";
				WRAPPER_EXTENSION = app;
			};
			name = Debug;
		};
		3FD10FA719868CC0001B61D9 /* Release */ = {
			isa = XCBuildConfiguration;
			baseConfigurationReference = 0B267B32841D4D6CACA14ADC /* Pods-MySoccerChamp.xcconfig */;
			buildSettings = {
				ASSETCATALOG_COMPILER_APPICON_NAME = AppIcon;
				ASSETCATALOG_COMPILER_LAUNCHIMAGE_NAME = LaunchImage;
				FRAMEWORK_SEARCH_PATHS = (
					"$(inherited)",
					"$(PROJECT_DIR)",
				);
				GCC_PRECOMPILE_PREFIX_HEADER = YES;
				GCC_PREFIX_HEADER = "MySoccerChamp/MySoccerChamp-Prefix.pch";
				INFOPLIST_FILE = "MySoccerChamp/MySoccerChamp-Info.plist";
				OTHER_LDFLAGS = (
					"-framework",
					CoreGraphics,
					"-framework",
					Foundation,
					"-framework",
					MobileCoreServices,
					"-framework",
					Security,
					"-framework",
					SystemConfiguration,
				);
				PRODUCT_NAME = "$(TARGET_NAME)";
				WRAPPER_EXTENSION = app;
			};
			name = Release;
		};
		3FD10FA919868CC0001B61D9 /* Debug */ = {
			isa = XCBuildConfiguration;
			baseConfigurationReference = 3CC796D7923943AD9C1B09F7 /* Pods-MySoccerChampTests.xcconfig */;
			buildSettings = {
				BUNDLE_LOADER = "$(BUILT_PRODUCTS_DIR)/MySoccerChamp.app/MySoccerChamp";
				FRAMEWORK_SEARCH_PATHS = (
					"$(SDKROOT)/Developer/Library/Frameworks",
					"$(inherited)",
					"$(DEVELOPER_FRAMEWORKS_DIR)",
				);
				GCC_PRECOMPILE_PREFIX_HEADER = YES;
				GCC_PREFIX_HEADER = "MySoccerChamp/MySoccerChamp-Prefix.pch";
				GCC_PREPROCESSOR_DEFINITIONS = (
					"DEBUG=1",
					"$(inherited)",
				);
				INFOPLIST_FILE = "MySoccerChampTests/MySoccerChampTests-Info.plist";
				PRODUCT_NAME = "$(TARGET_NAME)";
				TEST_HOST = "$(BUNDLE_LOADER)";
				WRAPPER_EXTENSION = xctest;
			};
			name = Debug;
		};
		3FD10FAA19868CC0001B61D9 /* Release */ = {
			isa = XCBuildConfiguration;
			baseConfigurationReference = 3CC796D7923943AD9C1B09F7 /* Pods-MySoccerChampTests.xcconfig */;
			buildSettings = {
				BUNDLE_LOADER = "$(BUILT_PRODUCTS_DIR)/MySoccerChamp.app/MySoccerChamp";
				FRAMEWORK_SEARCH_PATHS = (
					"$(SDKROOT)/Developer/Library/Frameworks",
					"$(inherited)",
					"$(DEVELOPER_FRAMEWORKS_DIR)",
				);
				GCC_PRECOMPILE_PREFIX_HEADER = YES;
				GCC_PREFIX_HEADER = "MySoccerChamp/MySoccerChamp-Prefix.pch";
				INFOPLIST_FILE = "MySoccerChampTests/MySoccerChampTests-Info.plist";
				PRODUCT_NAME = "$(TARGET_NAME)";
				TEST_HOST = "$(BUNDLE_LOADER)";
				WRAPPER_EXTENSION = xctest;
			};
			name = Release;
		};
/* End XCBuildConfiguration section */

/* Begin XCConfigurationList section */
		3FD10F6819868CC0001B61D9 /* Build configuration list for PBXProject "MySoccerChamp" */ = {
			isa = XCConfigurationList;
			buildConfigurations = (
				3FD10FA319868CC0001B61D9 /* Debug */,
				3FD10FA419868CC0001B61D9 /* Release */,
			);
			defaultConfigurationIsVisible = 0;
			defaultConfigurationName = Release;
		};
		3FD10FA519868CC0001B61D9 /* Build configuration list for PBXNativeTarget "MySoccerChamp" */ = {
			isa = XCConfigurationList;
			buildConfigurations = (
				3FD10FA619868CC0001B61D9 /* Debug */,
				3FD10FA719868CC0001B61D9 /* Release */,
			);
			defaultConfigurationIsVisible = 0;
			defaultConfigurationName = Release;
		};
		3FD10FA819868CC0001B61D9 /* Build configuration list for PBXNativeTarget "MySoccerChampTests" */ = {
			isa = XCConfigurationList;
			buildConfigurations = (
				3FD10FA919868CC0001B61D9 /* Debug */,
				3FD10FAA19868CC0001B61D9 /* Release */,
			);
			defaultConfigurationIsVisible = 0;
			defaultConfigurationName = Release;
		};
/* End XCConfigurationList section */
	};
	rootObject = 3FD10F6519868CC0001B61D9 /* Project object */;
}
