<?xml version="1.0" encoding="UTF-8"?>
<!DOCTYPE plist PUBLIC "-//Apple//DTD PLIST 1.0//EN" "http://www.apple.com/DTDs/PropertyList-1.0.dtd">
<plist version="1.0">
<dict>
	<key>archiveVersion</key>
	<string>1</string>
	<key>classes</key>
	<dict/>
	<key>objectVersion</key>
	<string>46</string>
	<key>objects</key>
	<dict>
		<key>0B267B32841D4D6CACA14ADC</key>
		<dict>
			<key>includeInIndex</key>
			<string>1</string>
			<key>isa</key>
			<string>PBXFileReference</string>
			<key>lastKnownFileType</key>
			<string>text.xcconfig</string>
			<key>name</key>
			<string>Pods-MySoccerChamp.xcconfig</string>
			<key>path</key>
			<string>Pods/Pods-MySoccerChamp.xcconfig</string>
			<key>sourceTree</key>
			<string>&lt;group&gt;</string>
		</dict>
		<key>18D44C6CAFB344B38B0714E4</key>
		<dict>
			<key>explicitFileType</key>
			<string>archive.ar</string>
			<key>includeInIndex</key>
			<string>0</string>
			<key>isa</key>
			<string>PBXFileReference</string>
			<key>path</key>
			<string>libPods-MySoccerChampTests.a</string>
			<key>sourceTree</key>
			<string>BUILT_PRODUCTS_DIR</string>
		</dict>
		<key>2BAF82AB5FF04E1DAA4784D3</key>
		<dict>
			<key>fileRef</key>
			<string>18D44C6CAFB344B38B0714E4</string>
			<key>isa</key>
			<string>PBXBuildFile</string>
		</dict>
		<key>2E5597410E0F45D7AD8446D9</key>
		<dict>
			<key>buildActionMask</key>
			<string>2147483647</string>
			<key>files</key>
			<array/>
			<key>inputPaths</key>
			<array/>
			<key>isa</key>
			<string>PBXShellScriptBuildPhase</string>
			<key>name</key>
			<string>Check Pods Manifest.lock</string>
			<key>outputPaths</key>
			<array/>
			<key>runOnlyForDeploymentPostprocessing</key>
			<string>0</string>
			<key>shellPath</key>
			<string>/bin/sh</string>
			<key>shellScript</key>
			<string>diff "${PODS_ROOT}/../Podfile.lock" "${PODS_ROOT}/Manifest.lock" &gt; /dev/null
if [[ $? != 0 ]] ; then
    cat &lt;&lt; EOM
error: The sandbox is not in sync with the Podfile.lock. Run 'pod install' or update your CocoaPods installation.
EOM
    exit 1
fi
</string>
			<key>showEnvVarsInLog</key>
			<string>0</string>
		</dict>
		<key>3CC796D7923943AD9C1B09F7</key>
		<dict>
			<key>includeInIndex</key>
			<string>1</string>
			<key>isa</key>
			<string>PBXFileReference</string>
			<key>lastKnownFileType</key>
			<string>text.xcconfig</string>
			<key>name</key>
			<string>Pods-MySoccerChampTests.xcconfig</string>
			<key>path</key>
			<string>Pods/Pods-MySoccerChampTests.xcconfig</string>
			<key>sourceTree</key>
			<string>&lt;group&gt;</string>
		</dict>
		<key>3FD10F6419868CC0001B61D9</key>
		<dict>
			<key>children</key>
			<array>
				<string>3FD10F7619868CC0001B61D9</string>
				<string>3FD10F9B19868CC0001B61D9</string>
				<string>3FD10F6F19868CC0001B61D9</string>
				<string>3FD10F6E19868CC0001B61D9</string>
				<string>0B267B32841D4D6CACA14ADC</string>
				<string>3CC796D7923943AD9C1B09F7</string>
			</array>
			<key>isa</key>
			<string>PBXGroup</string>
			<key>sourceTree</key>
			<string>&lt;group&gt;</string>
		</dict>
		<key>3FD10F6519868CC0001B61D9</key>
		<dict>
			<key>attributes</key>
			<dict>
				<key>CLASSPREFIX</key>
				<string>JT</string>
				<key>LastUpgradeCheck</key>
				<string>0510</string>
				<key>ORGANIZATIONNAME</key>
				<string>Jonas Tomaz</string>
				<key>TargetAttributes</key>
				<dict>
					<key>3FD10F9319868CC0001B61D9</key>
					<dict>
						<key>TestTargetID</key>
						<string>3FD10F6C19868CC0001B61D9</string>
					</dict>
				</dict>
			</dict>
			<key>buildConfigurationList</key>
			<string>3FD10F6819868CC0001B61D9</string>
			<key>compatibilityVersion</key>
			<string>Xcode 3.2</string>
			<key>developmentRegion</key>
			<string>English</string>
			<key>hasScannedForEncodings</key>
			<string>0</string>
			<key>isa</key>
			<string>PBXProject</string>
			<key>knownRegions</key>
			<array>
				<string>en</string>
				<string>Base</string>
			</array>
			<key>mainGroup</key>
			<string>3FD10F6419868CC0001B61D9</string>
			<key>productRefGroup</key>
			<string>3FD10F6E19868CC0001B61D9</string>
			<key>projectDirPath</key>
			<string></string>
			<key>projectReferences</key>
			<array/>
			<key>projectRoot</key>
			<string></string>
			<key>targets</key>
			<array>
				<string>3FD10F6C19868CC0001B61D9</string>
				<string>3FD10F9319868CC0001B61D9</string>
			</array>
		</dict>
		<key>3FD10F6819868CC0001B61D9</key>
		<dict>
			<key>buildConfigurations</key>
			<array>
				<string>3FD10FA319868CC0001B61D9</string>
				<string>3FD10FA419868CC0001B61D9</string>
			</array>
			<key>defaultConfigurationIsVisible</key>
			<string>0</string>
			<key>defaultConfigurationName</key>
			<string>Release</string>
			<key>isa</key>
			<string>XCConfigurationList</string>
		</dict>
		<key>3FD10F6919868CC0001B61D9</key>
		<dict>
			<key>buildActionMask</key>
			<string>2147483647</string>
			<key>files</key>
			<array>
				<string>3FD10F8D19868CC0001B61D9</string>
				<string>3FD10F8A19868CC0001B61D9</string>
				<string>3FD10F8119868CC0001B61D9</string>
				<string>3FD10F7D19868CC0001B61D9</string>
			</array>
			<key>isa</key>
			<string>PBXSourcesBuildPhase</string>
			<key>runOnlyForDeploymentPostprocessing</key>
			<string>0</string>
		</dict>
		<key>3FD10F6A19868CC0001B61D9</key>
		<dict>
			<key>buildActionMask</key>
			<string>2147483647</string>
			<key>files</key>
			<array>
				<string>3FD10F7319868CC0001B61D9</string>
				<string>3FD10F7519868CC0001B61D9</string>
				<string>3FD10F7119868CC0001B61D9</string>
				<string>8B0EFF1029AD4E9BA9D6D154</string>
			</array>
			<key>isa</key>
			<string>PBXFrameworksBuildPhase</string>
			<key>runOnlyForDeploymentPostprocessing</key>
			<string>0</string>
		</dict>
		<key>3FD10F6B19868CC0001B61D9</key>
		<dict>
			<key>buildActionMask</key>
			<string>2147483647</string>
			<key>files</key>
			<array>
				<string>3FD10F8719868CC0001B61D9</string>
				<string>3FD10F8F19868CC0001B61D9</string>
				<string>3FD10F8419868CC0001B61D9</string>
				<string>3FD10F7B19868CC0001B61D9</string>
			</array>
			<key>isa</key>
			<string>PBXResourcesBuildPhase</string>
			<key>runOnlyForDeploymentPostprocessing</key>
			<string>0</string>
		</dict>
		<key>3FD10F6C19868CC0001B61D9</key>
		<dict>
			<key>buildConfigurationList</key>
			<string>3FD10FA519868CC0001B61D9</string>
			<key>buildPhases</key>
			<array>
				<string>2E5597410E0F45D7AD8446D9</string>
				<string>3FD10F6919868CC0001B61D9</string>
				<string>3FD10F6A19868CC0001B61D9</string>
				<string>3FD10F6B19868CC0001B61D9</string>
				<string>6E3607A353B349BAA2989726</string>
			</array>
			<key>buildRules</key>
			<array/>
			<key>dependencies</key>
			<array/>
			<key>isa</key>
			<string>PBXNativeTarget</string>
			<key>name</key>
			<string>MySoccerChamp</string>
			<key>productName</key>
			<string>MySoccerChamp</string>
			<key>productReference</key>
			<string>3FD10F6D19868CC0001B61D9</string>
			<key>productType</key>
			<string>com.apple.product-type.application</string>
		</dict>
		<key>3FD10F6D19868CC0001B61D9</key>
		<dict>
			<key>explicitFileType</key>
			<string>wrapper.application</string>
			<key>includeInIndex</key>
			<string>0</string>
			<key>isa</key>
			<string>PBXFileReference</string>
			<key>path</key>
			<string>MySoccerChamp.app</string>
			<key>sourceTree</key>
			<string>BUILT_PRODUCTS_DIR</string>
		</dict>
		<key>3FD10F6E19868CC0001B61D9</key>
		<dict>
			<key>children</key>
			<array>
				<string>3FD10F6D19868CC0001B61D9</string>
				<string>3FD10F9419868CC0001B61D9</string>
			</array>
			<key>isa</key>
			<string>PBXGroup</string>
			<key>name</key>
			<string>Products</string>
			<key>sourceTree</key>
			<string>&lt;group&gt;</string>
		</dict>
		<key>3FD10F6F19868CC0001B61D9</key>
		<dict>
			<key>children</key>
			<array>
				<string>3FD10F7019868CC0001B61D9</string>
				<string>3FD10F7219868CC0001B61D9</string>
				<string>3FD10F7419868CC0001B61D9</string>
				<string>3FD10F9519868CC0001B61D9</string>
				<string>D0148F37A7544254A4C0FC9A</string>
				<string>18D44C6CAFB344B38B0714E4</string>
			</array>
			<key>isa</key>
			<string>PBXGroup</string>
			<key>name</key>
			<string>Frameworks</string>
			<key>sourceTree</key>
			<string>&lt;group&gt;</string>
		</dict>
		<key>3FD10F7019868CC0001B61D9</key>
		<dict>
			<key>isa</key>
			<string>PBXFileReference</string>
			<key>lastKnownFileType</key>
			<string>wrapper.framework</string>
			<key>name</key>
			<string>Foundation.framework</string>
			<key>path</key>
			<string>System/Library/Frameworks/Foundation.framework</string>
			<key>sourceTree</key>
			<string>SDKROOT</string>
		</dict>
		<key>3FD10F7119868CC0001B61D9</key>
		<dict>
			<key>fileRef</key>
			<string>3FD10F7019868CC0001B61D9</string>
			<key>isa</key>
			<string>PBXBuildFile</string>
		</dict>
		<key>3FD10F7219868CC0001B61D9</key>
		<dict>
			<key>isa</key>
			<string>PBXFileReference</string>
			<key>lastKnownFileType</key>
			<string>wrapper.framework</string>
			<key>name</key>
			<string>CoreGraphics.framework</string>
			<key>path</key>
			<string>System/Library/Frameworks/CoreGraphics.framework</string>
			<key>sourceTree</key>
			<string>SDKROOT</string>
		</dict>
		<key>3FD10F7319868CC0001B61D9</key>
		<dict>
			<key>fileRef</key>
			<string>3FD10F7219868CC0001B61D9</string>
			<key>isa</key>
			<string>PBXBuildFile</string>
		</dict>
		<key>3FD10F7419868CC0001B61D9</key>
		<dict>
			<key>isa</key>
			<string>PBXFileReference</string>
			<key>lastKnownFileType</key>
			<string>wrapper.framework</string>
			<key>name</key>
			<string>UIKit.framework</string>
			<key>path</key>
			<string>System/Library/Frameworks/UIKit.framework</string>
			<key>sourceTree</key>
			<string>SDKROOT</string>
		</dict>
		<key>3FD10F7519868CC0001B61D9</key>
		<dict>
			<key>fileRef</key>
			<string>3FD10F7419868CC0001B61D9</string>
			<key>isa</key>
			<string>PBXBuildFile</string>
		</dict>
		<key>3FD10F7619868CC0001B61D9</key>
		<dict>
			<key>children</key>
			<array>
				<string>3FD10F7F19868CC0001B61D9</string>
				<string>3FD10F8019868CC0001B61D9</string>
				<string>3FD10F8219868CC0001B61D9</string>
				<string>3FD10F8519868CC0001B61D9</string>
				<string>3FD10F8819868CC0001B61D9</string>
				<string>3FD10F8919868CC0001B61D9</string>
				<string>3FD10F8B19868CC0001B61D9</string>
				<string>3FD10F8C19868CC0001B61D9</string>
				<string>3FD10F8E19868CC0001B61D9</string>
				<string>3FD10F7719868CC0001B61D9</string>
			</array>
			<key>isa</key>
			<string>PBXGroup</string>
			<key>path</key>
			<string>MySoccerChamp</string>
			<key>sourceTree</key>
			<string>&lt;group&gt;</string>
		</dict>
		<key>3FD10F7719868CC0001B61D9</key>
		<dict>
			<key>children</key>
			<array>
				<string>3FD10F7819868CC0001B61D9</string>
				<string>3FD10F7919868CC0001B61D9</string>
				<string>3FD10F7C19868CC0001B61D9</string>
				<string>3FD10F7E19868CC0001B61D9</string>
			</array>
			<key>isa</key>
			<string>PBXGroup</string>
			<key>name</key>
			<string>Supporting Files</string>
			<key>sourceTree</key>
			<string>&lt;group&gt;</string>
		</dict>
		<key>3FD10F7819868CC0001B61D9</key>
		<dict>
			<key>isa</key>
			<string>PBXFileReference</string>
			<key>lastKnownFileType</key>
			<string>text.plist.xml</string>
			<key>path</key>
			<string>MySoccerChamp-Info.plist</string>
			<key>sourceTree</key>
			<string>&lt;group&gt;</string>
		</dict>
		<key>3FD10F7919868CC0001B61D9</key>
		<dict>
			<key>children</key>
			<array>
				<string>3FD10F7A19868CC0001B61D9</string>
			</array>
			<key>isa</key>
			<string>PBXVariantGroup</string>
			<key>name</key>
			<string>InfoPlist.strings</string>
			<key>sourceTree</key>
			<string>&lt;group&gt;</string>
		</dict>
		<key>3FD10F7A19868CC0001B61D9</key>
		<dict>
			<key>isa</key>
			<string>PBXFileReference</string>
			<key>lastKnownFileType</key>
			<string>text.plist.strings</string>
			<key>name</key>
			<string>en</string>
			<key>path</key>
			<string>en.lproj/InfoPlist.strings</string>
			<key>sourceTree</key>
			<string>&lt;group&gt;</string>
		</dict>
		<key>3FD10F7B19868CC0001B61D9</key>
		<dict>
			<key>fileRef</key>
			<string>3FD10F7919868CC0001B61D9</string>
			<key>isa</key>
			<string>PBXBuildFile</string>
		</dict>
		<key>3FD10F7C19868CC0001B61D9</key>
		<dict>
			<key>isa</key>
			<string>PBXFileReference</string>
			<key>lastKnownFileType</key>
			<string>sourcecode.c.objc</string>
			<key>path</key>
			<string>main.m</string>
			<key>sourceTree</key>
			<string>&lt;group&gt;</string>
		</dict>
		<key>3FD10F7D19868CC0001B61D9</key>
		<dict>
			<key>fileRef</key>
			<string>3FD10F7C19868CC0001B61D9</string>
			<key>isa</key>
			<string>PBXBuildFile</string>
		</dict>
		<key>3FD10F7E19868CC0001B61D9</key>
		<dict>
			<key>isa</key>
			<string>PBXFileReference</string>
			<key>lastKnownFileType</key>
			<string>sourcecode.c.h</string>
			<key>path</key>
			<string>MySoccerChamp-Prefix.pch</string>
			<key>sourceTree</key>
			<string>&lt;group&gt;</string>
		</dict>
		<key>3FD10F7F19868CC0001B61D9</key>
		<dict>
			<key>isa</key>
			<string>PBXFileReference</string>
			<key>lastKnownFileType</key>
			<string>sourcecode.c.h</string>
			<key>path</key>
			<string>JTAppDelegate.h</string>
			<key>sourceTree</key>
			<string>&lt;group&gt;</string>
		</dict>
		<key>3FD10F8019868CC0001B61D9</key>
		<dict>
			<key>isa</key>
			<string>PBXFileReference</string>
			<key>lastKnownFileType</key>
			<string>sourcecode.c.objc</string>
			<key>path</key>
			<string>JTAppDelegate.m</string>
			<key>sourceTree</key>
			<string>&lt;group&gt;</string>
		</dict>
		<key>3FD10F8119868CC0001B61D9</key>
		<dict>
			<key>fileRef</key>
			<string>3FD10F8019868CC0001B61D9</string>
			<key>isa</key>
			<string>PBXBuildFile</string>
		</dict>
		<key>3FD10F8219868CC0001B61D9</key>
		<dict>
			<key>children</key>
			<array>
				<string>3FD10F8319868CC0001B61D9</string>
			</array>
			<key>isa</key>
			<string>PBXVariantGroup</string>
			<key>name</key>
			<string>Main_iPhone.storyboard</string>
			<key>sourceTree</key>
			<string>&lt;group&gt;</string>
		</dict>
		<key>3FD10F8319868CC0001B61D9</key>
		<dict>
			<key>isa</key>
			<string>PBXFileReference</string>
			<key>lastKnownFileType</key>
			<string>file.storyboard</string>
			<key>name</key>
			<string>Base</string>
			<key>path</key>
			<string>Base.lproj/Main_iPhone.storyboard</string>
			<key>sourceTree</key>
			<string>&lt;group&gt;</string>
		</dict>
		<key>3FD10F8419868CC0001B61D9</key>
		<dict>
			<key>fileRef</key>
			<string>3FD10F8219868CC0001B61D9</string>
			<key>isa</key>
			<string>PBXBuildFile</string>
		</dict>
		<key>3FD10F8519868CC0001B61D9</key>
		<dict>
			<key>children</key>
			<array>
				<string>3FD10F8619868CC0001B61D9</string>
			</array>
			<key>isa</key>
			<string>PBXVariantGroup</string>
			<key>name</key>
			<string>Main_iPad.storyboard</string>
			<key>sourceTree</key>
			<string>&lt;group&gt;</string>
		</dict>
		<key>3FD10F8619868CC0001B61D9</key>
		<dict>
			<key>isa</key>
			<string>PBXFileReference</string>
			<key>lastKnownFileType</key>
			<string>file.storyboard</string>
			<key>name</key>
			<string>Base</string>
			<key>path</key>
			<string>Base.lproj/Main_iPad.storyboard</string>
			<key>sourceTree</key>
			<string>&lt;group&gt;</string>
		</dict>
		<key>3FD10F8719868CC0001B61D9</key>
		<dict>
			<key>fileRef</key>
			<string>3FD10F8519868CC0001B61D9</string>
			<key>isa</key>
			<string>PBXBuildFile</string>
		</dict>
		<key>3FD10F8819868CC0001B61D9</key>
		<dict>
			<key>isa</key>
			<string>PBXFileReference</string>
			<key>lastKnownFileType</key>
			<string>sourcecode.c.h</string>
			<key>path</key>
			<string>JTFirstViewController.h</string>
			<key>sourceTree</key>
			<string>&lt;group&gt;</string>
		</dict>
		<key>3FD10F8919868CC0001B61D9</key>
		<dict>
			<key>isa</key>
			<string>PBXFileReference</string>
			<key>lastKnownFileType</key>
			<string>sourcecode.c.objc</string>
			<key>path</key>
			<string>JTFirstViewController.m</string>
			<key>sourceTree</key>
			<string>&lt;group&gt;</string>
		</dict>
		<key>3FD10F8A19868CC0001B61D9</key>
		<dict>
			<key>fileRef</key>
			<string>3FD10F8919868CC0001B61D9</string>
			<key>isa</key>
			<string>PBXBuildFile</string>
		</dict>
		<key>3FD10F8B19868CC0001B61D9</key>
		<dict>
			<key>isa</key>
			<string>PBXFileReference</string>
			<key>lastKnownFileType</key>
			<string>sourcecode.c.h</string>
			<key>path</key>
			<string>JTSecondViewController.h</string>
			<key>sourceTree</key>
			<string>&lt;group&gt;</string>
		</dict>
		<key>3FD10F8C19868CC0001B61D9</key>
		<dict>
			<key>isa</key>
			<string>PBXFileReference</string>
			<key>lastKnownFileType</key>
			<string>sourcecode.c.objc</string>
			<key>path</key>
			<string>JTSecondViewController.m</string>
			<key>sourceTree</key>
			<string>&lt;group&gt;</string>
		</dict>
		<key>3FD10F8D19868CC0001B61D9</key>
		<dict>
			<key>fileRef</key>
			<string>3FD10F8C19868CC0001B61D9</string>
			<key>isa</key>
			<string>PBXBuildFile</string>
		</dict>
		<key>3FD10F8E19868CC0001B61D9</key>
		<dict>
			<key>isa</key>
			<string>PBXFileReference</string>
			<key>lastKnownFileType</key>
			<string>folder.assetcatalog</string>
			<key>path</key>
			<string>Images.xcassets</string>
			<key>sourceTree</key>
			<string>&lt;group&gt;</string>
		</dict>
		<key>3FD10F8F19868CC0001B61D9</key>
		<dict>
			<key>fileRef</key>
			<string>3FD10F8E19868CC0001B61D9</string>
			<key>isa</key>
			<string>PBXBuildFile</string>
		</dict>
		<key>3FD10F9019868CC0001B61D9</key>
		<dict>
			<key>buildActionMask</key>
			<string>2147483647</string>
			<key>files</key>
			<array>
				<string>3FD10FA219868CC0001B61D9</string>
			</array>
			<key>isa</key>
			<string>PBXSourcesBuildPhase</string>
			<key>runOnlyForDeploymentPostprocessing</key>
			<string>0</string>
		</dict>
		<key>3FD10F9119868CC0001B61D9</key>
		<dict>
			<key>buildActionMask</key>
			<string>2147483647</string>
			<key>files</key>
			<array>
				<string>3FD10F9619868CC0001B61D9</string>
				<string>3FD10F9819868CC0001B61D9</string>
				<string>3FD10F9719868CC0001B61D9</string>
				<string>2BAF82AB5FF04E1DAA4784D3</string>
			</array>
			<key>isa</key>
			<string>PBXFrameworksBuildPhase</string>
			<key>runOnlyForDeploymentPostprocessing</key>
			<string>0</string>
		</dict>
		<key>3FD10F9219868CC0001B61D9</key>
		<dict>
			<key>buildActionMask</key>
			<string>2147483647</string>
			<key>files</key>
			<array>
				<string>3FD10FA019868CC0001B61D9</string>
			</array>
			<key>isa</key>
			<string>PBXResourcesBuildPhase</string>
			<key>runOnlyForDeploymentPostprocessing</key>
			<string>0</string>
		</dict>
		<key>3FD10F9319868CC0001B61D9</key>
		<dict>
			<key>buildConfigurationList</key>
			<string>3FD10FA819868CC0001B61D9</string>
			<key>buildPhases</key>
			<array>
				<string>9CDF69E506DF4E1CB5E879C0</string>
				<string>3FD10F9019868CC0001B61D9</string>
				<string>3FD10F9119868CC0001B61D9</string>
				<string>3FD10F9219868CC0001B61D9</string>
				<string>8FEDC786BA8B4B289436A729</string>
			</array>
			<key>buildRules</key>
			<array/>
			<key>dependencies</key>
			<array>
				<string>3FD10F9A19868CC0001B61D9</string>
			</array>
			<key>isa</key>
			<string>PBXNativeTarget</string>
			<key>name</key>
			<string>MySoccerChampTests</string>
			<key>productName</key>
			<string>MySoccerChampTests</string>
			<key>productReference</key>
			<string>3FD10F9419868CC0001B61D9</string>
			<key>productType</key>
			<string>com.apple.product-type.bundle.unit-test</string>
		</dict>
		<key>3FD10F9419868CC0001B61D9</key>
		<dict>
			<key>explicitFileType</key>
			<string>wrapper.cfbundle</string>
			<key>includeInIndex</key>
			<string>0</string>
			<key>isa</key>
			<string>PBXFileReference</string>
			<key>path</key>
			<string>MySoccerChampTests.xctest</string>
			<key>sourceTree</key>
			<string>BUILT_PRODUCTS_DIR</string>
		</dict>
		<key>3FD10F9519868CC0001B61D9</key>
		<dict>
			<key>isa</key>
			<string>PBXFileReference</string>
			<key>lastKnownFileType</key>
			<string>wrapper.framework</string>
			<key>name</key>
			<string>XCTest.framework</string>
			<key>path</key>
			<string>Library/Frameworks/XCTest.framework</string>
			<key>sourceTree</key>
			<string>DEVELOPER_DIR</string>
		</dict>
		<key>3FD10F9619868CC0001B61D9</key>
		<dict>
			<key>fileRef</key>
			<string>3FD10F9519868CC0001B61D9</string>
			<key>isa</key>
			<string>PBXBuildFile</string>
		</dict>
		<key>3FD10F9719868CC0001B61D9</key>
		<dict>
			<key>fileRef</key>
			<string>3FD10F7019868CC0001B61D9</string>
			<key>isa</key>
			<string>PBXBuildFile</string>
		</dict>
		<key>3FD10F9819868CC0001B61D9</key>
		<dict>
			<key>fileRef</key>
			<string>3FD10F7419868CC0001B61D9</string>
			<key>isa</key>
			<string>PBXBuildFile</string>
		</dict>
		<key>3FD10F9919868CC0001B61D9</key>
		<dict>
			<key>containerPortal</key>
			<string>3FD10F6519868CC0001B61D9</string>
			<key>isa</key>
			<string>PBXContainerItemProxy</string>
			<key>proxyType</key>
			<string>1</string>
			<key>remoteGlobalIDString</key>
			<string>3FD10F6C19868CC0001B61D9</string>
			<key>remoteInfo</key>
			<string>MySoccerChamp</string>
		</dict>
		<key>3FD10F9A19868CC0001B61D9</key>
		<dict>
			<key>isa</key>
			<string>PBXTargetDependency</string>
			<key>target</key>
			<string>3FD10F6C19868CC0001B61D9</string>
			<key>targetProxy</key>
			<string>3FD10F9919868CC0001B61D9</string>
		</dict>
		<key>3FD10F9B19868CC0001B61D9</key>
		<dict>
			<key>children</key>
			<array>
				<string>3FD10FA119868CC0001B61D9</string>
				<string>3FD10F9C19868CC0001B61D9</string>
			</array>
			<key>isa</key>
			<string>PBXGroup</string>
			<key>path</key>
			<string>MySoccerChampTests</string>
			<key>sourceTree</key>
			<string>&lt;group&gt;</string>
		</dict>
		<key>3FD10F9C19868CC0001B61D9</key>
		<dict>
			<key>children</key>
			<array>
				<string>3FD10F9D19868CC0001B61D9</string>
				<string>3FD10F9E19868CC0001B61D9</string>
			</array>
			<key>isa</key>
			<string>PBXGroup</string>
			<key>name</key>
			<string>Supporting Files</string>
			<key>sourceTree</key>
			<string>&lt;group&gt;</string>
		</dict>
		<key>3FD10F9D19868CC0001B61D9</key>
		<dict>
			<key>isa</key>
			<string>PBXFileReference</string>
			<key>lastKnownFileType</key>
			<string>text.plist.xml</string>
			<key>path</key>
			<string>MySoccerChampTests-Info.plist</string>
			<key>sourceTree</key>
			<string>&lt;group&gt;</string>
		</dict>
		<key>3FD10F9E19868CC0001B61D9</key>
		<dict>
			<key>children</key>
			<array>
				<string>3FD10F9F19868CC0001B61D9</string>
			</array>
			<key>isa</key>
			<string>PBXVariantGroup</string>
			<key>name</key>
			<string>InfoPlist.strings</string>
			<key>sourceTree</key>
			<string>&lt;group&gt;</string>
		</dict>
		<key>3FD10F9F19868CC0001B61D9</key>
		<dict>
			<key>isa</key>
			<string>PBXFileReference</string>
			<key>lastKnownFileType</key>
			<string>text.plist.strings</string>
			<key>name</key>
			<string>en</string>
			<key>path</key>
			<string>en.lproj/InfoPlist.strings</string>
			<key>sourceTree</key>
			<string>&lt;group&gt;</string>
		</dict>
		<key>3FD10FA019868CC0001B61D9</key>
		<dict>
			<key>fileRef</key>
			<string>3FD10F9E19868CC0001B61D9</string>
			<key>isa</key>
			<string>PBXBuildFile</string>
		</dict>
		<key>3FD10FA119868CC0001B61D9</key>
		<dict>
			<key>isa</key>
			<string>PBXFileReference</string>
			<key>lastKnownFileType</key>
			<string>sourcecode.c.objc</string>
			<key>path</key>
			<string>MySoccerChampTests.m</string>
			<key>sourceTree</key>
			<string>&lt;group&gt;</string>
		</dict>
		<key>3FD10FA219868CC0001B61D9</key>
		<dict>
			<key>fileRef</key>
			<string>3FD10FA119868CC0001B61D9</string>
			<key>isa</key>
			<string>PBXBuildFile</string>
		</dict>
		<key>3FD10FA319868CC0001B61D9</key>
		<dict>
			<key>buildSettings</key>
			<dict>
				<key>ALWAYS_SEARCH_USER_PATHS</key>
				<string>NO</string>
				<key>CLANG_CXX_LANGUAGE_STANDARD</key>
				<string>gnu++0x</string>
				<key>CLANG_CXX_LIBRARY</key>
				<string>libc++</string>
				<key>CLANG_ENABLE_MODULES</key>
				<string>YES</string>
				<key>CLANG_ENABLE_OBJC_ARC</key>
				<string>YES</string>
				<key>CLANG_WARN_BOOL_CONVERSION</key>
				<string>YES</string>
				<key>CLANG_WARN_CONSTANT_CONVERSION</key>
				<string>YES</string>
				<key>CLANG_WARN_DIRECT_OBJC_ISA_USAGE</key>
				<string>YES_ERROR</string>
				<key>CLANG_WARN_EMPTY_BODY</key>
				<string>YES</string>
				<key>CLANG_WARN_ENUM_CONVERSION</key>
				<string>YES</string>
				<key>CLANG_WARN_INT_CONVERSION</key>
				<string>YES</string>
				<key>CLANG_WARN_OBJC_ROOT_CLASS</key>
				<string>YES_ERROR</string>
				<key>CLANG_WARN__DUPLICATE_METHOD_MATCH</key>
				<string>YES</string>
				<key>CODE_SIGN_IDENTITY[sdk=iphoneos*]</key>
				<string>iPhone Developer</string>
				<key>COPY_PHASE_STRIP</key>
				<string>NO</string>
				<key>GCC_C_LANGUAGE_STANDARD</key>
				<string>gnu99</string>
				<key>GCC_DYNAMIC_NO_PIC</key>
				<string>NO</string>
				<key>GCC_OPTIMIZATION_LEVEL</key>
				<string>0</string>
				<key>GCC_PREPROCESSOR_DEFINITIONS</key>
				<array>
					<string>DEBUG=1</string>
					<string>$(inherited)</string>
				</array>
				<key>GCC_SYMBOLS_PRIVATE_EXTERN</key>
				<string>NO</string>
				<key>GCC_WARN_64_TO_32_BIT_CONVERSION</key>
				<string>YES</string>
				<key>GCC_WARN_ABOUT_RETURN_TYPE</key>
				<string>YES_ERROR</string>
				<key>GCC_WARN_UNDECLARED_SELECTOR</key>
				<string>YES</string>
				<key>GCC_WARN_UNINITIALIZED_AUTOS</key>
				<string>YES_AGGRESSIVE</string>
				<key>GCC_WARN_UNUSED_FUNCTION</key>
				<string>YES</string>
				<key>GCC_WARN_UNUSED_VARIABLE</key>
				<string>YES</string>
				<key>IPHONEOS_DEPLOYMENT_TARGET</key>
				<string>7.1</string>
				<key>ONLY_ACTIVE_ARCH</key>
				<string>YES</string>
				<key>SDKROOT</key>
				<string>iphoneos</string>
				<key>TARGETED_DEVICE_FAMILY</key>
				<string>1,2</string>
			</dict>
			<key>isa</key>
			<string>XCBuildConfiguration</string>
			<key>name</key>
			<string>Debug</string>
		</dict>
		<key>3FD10FA419868CC0001B61D9</key>
		<dict>
			<key>buildSettings</key>
			<dict>
				<key>ALWAYS_SEARCH_USER_PATHS</key>
				<string>NO</string>
				<key>CLANG_CXX_LANGUAGE_STANDARD</key>
				<string>gnu++0x</string>
				<key>CLANG_CXX_LIBRARY</key>
				<string>libc++</string>
				<key>CLANG_ENABLE_MODULES</key>
				<string>YES</string>
				<key>CLANG_ENABLE_OBJC_ARC</key>
				<string>YES</string>
				<key>CLANG_WARN_BOOL_CONVERSION</key>
				<string>YES</string>
				<key>CLANG_WARN_CONSTANT_CONVERSION</key>
				<string>YES</string>
				<key>CLANG_WARN_DIRECT_OBJC_ISA_USAGE</key>
				<string>YES_ERROR</string>
				<key>CLANG_WARN_EMPTY_BODY</key>
				<string>YES</string>
				<key>CLANG_WARN_ENUM_CONVERSION</key>
				<string>YES</string>
				<key>CLANG_WARN_INT_CONVERSION</key>
				<string>YES</string>
				<key>CLANG_WARN_OBJC_ROOT_CLASS</key>
				<string>YES_ERROR</string>
				<key>CLANG_WARN__DUPLICATE_METHOD_MATCH</key>
				<string>YES</string>
				<key>CODE_SIGN_IDENTITY[sdk=iphoneos*]</key>
				<string>iPhone Developer</string>
				<key>COPY_PHASE_STRIP</key>
				<string>YES</string>
				<key>ENABLE_NS_ASSERTIONS</key>
				<string>NO</string>
				<key>GCC_C_LANGUAGE_STANDARD</key>
				<string>gnu99</string>
				<key>GCC_WARN_64_TO_32_BIT_CONVERSION</key>
				<string>YES</string>
				<key>GCC_WARN_ABOUT_RETURN_TYPE</key>
				<string>YES_ERROR</string>
				<key>GCC_WARN_UNDECLARED_SELECTOR</key>
				<string>YES</string>
				<key>GCC_WARN_UNINITIALIZED_AUTOS</key>
				<string>YES_AGGRESSIVE</string>
				<key>GCC_WARN_UNUSED_FUNCTION</key>
				<string>YES</string>
				<key>GCC_WARN_UNUSED_VARIABLE</key>
				<string>YES</string>
				<key>IPHONEOS_DEPLOYMENT_TARGET</key>
				<string>7.1</string>
				<key>SDKROOT</key>
				<string>iphoneos</string>
				<key>TARGETED_DEVICE_FAMILY</key>
				<string>1,2</string>
				<key>VALIDATE_PRODUCT</key>
				<string>YES</string>
			</dict>
			<key>isa</key>
			<string>XCBuildConfiguration</string>
			<key>name</key>
			<string>Release</string>
		</dict>
		<key>3FD10FA519868CC0001B61D9</key>
		<dict>
			<key>buildConfigurations</key>
			<array>
				<string>3FD10FA619868CC0001B61D9</string>
				<string>3FD10FA719868CC0001B61D9</string>
			</array>
			<key>defaultConfigurationIsVisible</key>
			<string>0</string>
			<key>isa</key>
			<string>XCConfigurationList</string>
		</dict>
		<key>3FD10FA619868CC0001B61D9</key>
		<dict>
			<key>baseConfigurationReference</key>
			<string>0B267B32841D4D6CACA14ADC</string>
			<key>buildSettings</key>
			<dict>
				<key>ASSETCATALOG_COMPILER_APPICON_NAME</key>
				<string>AppIcon</string>
				<key>ASSETCATALOG_COMPILER_LAUNCHIMAGE_NAME</key>
				<string>LaunchImage</string>
				<key>GCC_PRECOMPILE_PREFIX_HEADER</key>
				<string>YES</string>
				<key>GCC_PREFIX_HEADER</key>
				<string>MySoccerChamp/MySoccerChamp-Prefix.pch</string>
				<key>INFOPLIST_FILE</key>
				<string>MySoccerChamp/MySoccerChamp-Info.plist</string>
				<key>PRODUCT_NAME</key>
				<string>$(TARGET_NAME)</string>
				<key>WRAPPER_EXTENSION</key>
				<string>app</string>
			</dict>
			<key>isa</key>
			<string>XCBuildConfiguration</string>
			<key>name</key>
			<string>Debug</string>
		</dict>
		<key>3FD10FA719868CC0001B61D9</key>
		<dict>
			<key>baseConfigurationReference</key>
			<string>0B267B32841D4D6CACA14ADC</string>
			<key>buildSettings</key>
			<dict>
				<key>ASSETCATALOG_COMPILER_APPICON_NAME</key>
				<string>AppIcon</string>
				<key>ASSETCATALOG_COMPILER_LAUNCHIMAGE_NAME</key>
				<string>LaunchImage</string>
				<key>GCC_PRECOMPILE_PREFIX_HEADER</key>
				<string>YES</string>
				<key>GCC_PREFIX_HEADER</key>
				<string>MySoccerChamp/MySoccerChamp-Prefix.pch</string>
				<key>INFOPLIST_FILE</key>
				<string>MySoccerChamp/MySoccerChamp-Info.plist</string>
				<key>PRODUCT_NAME</key>
				<string>$(TARGET_NAME)</string>
				<key>WRAPPER_EXTENSION</key>
				<string>app</string>
			</dict>
			<key>isa</key>
			<string>XCBuildConfiguration</string>
			<key>name</key>
			<string>Release</string>
		</dict>
		<key>3FD10FA819868CC0001B61D9</key>
		<dict>
			<key>buildConfigurations</key>
			<array>
				<string>3FD10FA919868CC0001B61D9</string>
				<string>3FD10FAA19868CC0001B61D9</string>
			</array>
			<key>defaultConfigurationIsVisible</key>
			<string>0</string>
			<key>isa</key>
			<string>XCConfigurationList</string>
		</dict>
		<key>3FD10FA919868CC0001B61D9</key>
		<dict>
			<key>baseConfigurationReference</key>
			<string>3CC796D7923943AD9C1B09F7</string>
			<key>buildSettings</key>
			<dict>
				<key>BUNDLE_LOADER</key>
				<string>$(BUILT_PRODUCTS_DIR)/MySoccerChamp.app/MySoccerChamp</string>
				<key>FRAMEWORK_SEARCH_PATHS</key>
				<array>
					<string>$(SDKROOT)/Developer/Library/Frameworks</string>
					<string>$(inherited)</string>
					<string>$(DEVELOPER_FRAMEWORKS_DIR)</string>
				</array>
				<key>GCC_PRECOMPILE_PREFIX_HEADER</key>
				<string>YES</string>
				<key>GCC_PREFIX_HEADER</key>
				<string>MySoccerChamp/MySoccerChamp-Prefix.pch</string>
				<key>GCC_PREPROCESSOR_DEFINITIONS</key>
				<array>
					<string>DEBUG=1</string>
					<string>$(inherited)</string>
				</array>
				<key>INFOPLIST_FILE</key>
				<string>MySoccerChampTests/MySoccerChampTests-Info.plist</string>
				<key>PRODUCT_NAME</key>
				<string>$(TARGET_NAME)</string>
				<key>TEST_HOST</key>
				<string>$(BUNDLE_LOADER)</string>
				<key>WRAPPER_EXTENSION</key>
				<string>xctest</string>
			</dict>
			<key>isa</key>
			<string>XCBuildConfiguration</string>
			<key>name</key>
			<string>Debug</string>
		</dict>
		<key>3FD10FAA19868CC0001B61D9</key>
		<dict>
			<key>baseConfigurationReference</key>
			<string>3CC796D7923943AD9C1B09F7</string>
			<key>buildSettings</key>
			<dict>
				<key>BUNDLE_LOADER</key>
				<string>$(BUILT_PRODUCTS_DIR)/MySoccerChamp.app/MySoccerChamp</string>
				<key>FRAMEWORK_SEARCH_PATHS</key>
				<array>
					<string>$(SDKROOT)/Developer/Library/Frameworks</string>
					<string>$(inherited)</string>
					<string>$(DEVELOPER_FRAMEWORKS_DIR)</string>
				</array>
				<key>GCC_PRECOMPILE_PREFIX_HEADER</key>
				<string>YES</string>
				<key>GCC_PREFIX_HEADER</key>
				<string>MySoccerChamp/MySoccerChamp-Prefix.pch</string>
				<key>INFOPLIST_FILE</key>
				<string>MySoccerChampTests/MySoccerChampTests-Info.plist</string>
				<key>PRODUCT_NAME</key>
				<string>$(TARGET_NAME)</string>
				<key>TEST_HOST</key>
				<string>$(BUNDLE_LOADER)</string>
				<key>WRAPPER_EXTENSION</key>
				<string>xctest</string>
			</dict>
			<key>isa</key>
			<string>XCBuildConfiguration</string>
			<key>name</key>
			<string>Release</string>
		</dict>
		<key>6E3607A353B349BAA2989726</key>
		<dict>
			<key>buildActionMask</key>
			<string>2147483647</string>
			<key>files</key>
			<array/>
			<key>inputPaths</key>
			<array/>
			<key>isa</key>
			<string>PBXShellScriptBuildPhase</string>
			<key>name</key>
			<string>Copy Pods Resources</string>
			<key>outputPaths</key>
			<array/>
			<key>runOnlyForDeploymentPostprocessing</key>
			<string>0</string>
			<key>shellPath</key>
			<string>/bin/sh</string>
			<key>shellScript</key>
			<string>"${SRCROOT}/Pods/Pods-MySoccerChamp-resources.sh"
</string>
			<key>showEnvVarsInLog</key>
			<string>0</string>
		</dict>
		<key>8B0EFF1029AD4E9BA9D6D154</key>
		<dict>
			<key>fileRef</key>
			<string>D0148F37A7544254A4C0FC9A</string>
			<key>isa</key>
			<string>PBXBuildFile</string>
		</dict>
		<key>8FEDC786BA8B4B289436A729</key>
		<dict>
			<key>buildActionMask</key>
			<string>2147483647</string>
			<key>files</key>
			<array/>
			<key>inputPaths</key>
			<array/>
			<key>isa</key>
			<string>PBXShellScriptBuildPhase</string>
			<key>name</key>
			<string>Copy Pods Resources</string>
			<key>outputPaths</key>
			<array/>
			<key>runOnlyForDeploymentPostprocessing</key>
			<string>0</string>
			<key>shellPath</key>
			<string>/bin/sh</string>
			<key>shellScript</key>
			<string>"${SRCROOT}/Pods/Pods-MySoccerChampTests-resources.sh"
</string>
			<key>showEnvVarsInLog</key>
			<string>0</string>
		</dict>
		<key>9CDF69E506DF4E1CB5E879C0</key>
		<dict>
			<key>buildActionMask</key>
			<string>2147483647</string>
			<key>files</key>
			<array/>
			<key>inputPaths</key>
			<array/>
			<key>isa</key>
			<string>PBXShellScriptBuildPhase</string>
			<key>name</key>
			<string>Check Pods Manifest.lock</string>
			<key>outputPaths</key>
			<array/>
			<key>runOnlyForDeploymentPostprocessing</key>
			<string>0</string>
			<key>shellPath</key>
			<string>/bin/sh</string>
			<key>shellScript</key>
			<string>diff "${PODS_ROOT}/../Podfile.lock" "${PODS_ROOT}/Manifest.lock" &gt; /dev/null
if [[ $? != 0 ]] ; then
    cat &lt;&lt; EOM
error: The sandbox is not in sync with the Podfile.lock. Run 'pod install' or update your CocoaPods installation.
EOM
    exit 1
fi
</string>
			<key>showEnvVarsInLog</key>
			<string>0</string>
		</dict>
		<key>D0148F37A7544254A4C0FC9A</key>
		<dict>
			<key>explicitFileType</key>
			<string>archive.ar</string>
			<key>includeInIndex</key>
			<string>0</string>
			<key>isa</key>
			<string>PBXFileReference</string>
			<key>path</key>
			<string>libPods-MySoccerChamp.a</string>
			<key>sourceTree</key>
			<string>BUILT_PRODUCTS_DIR</string>
		</dict>
	</dict>
	<key>rootObject</key>
	<string>3FD10F6519868CC0001B61D9</string>
</dict>
</plist>
